
Microsoft Visual Studio Solution File, Format Version 12.00
# Visual Studio Version 17
VisualStudioVersion = 17.13.35818.85 d17.13
MinimumVisualStudioVersion = 10.0.40219.1
Project("{FAE04EC0-301F-11D3-BF4B-00C04F79EFBC}") = "problema-1-Inventario_expres", "problema-1-Inventario_expres.csproj", "{6198FA31-CE80-4AC0-BEAF-185DBF521D99}"
EndProject
Global
	GlobalSection(SolutionConfigurationPlatforms) = preSolution
		Debug|Any CPU = Debug|Any CPU
		Release|Any CPU = Release|Any CPU
	EndGlobalSection
	GlobalSection(ProjectConfigurationPlatforms) = postSolution
		{6198FA31-CE80-4AC0-BEAF-185DBF521D99}.Debug|Any CPU.ActiveCfg = Debug|Any CPU
		{6198FA31-CE80-4AC0-BEAF-185DBF521D99}.Debug|Any CPU.Build.0 = Debug|Any CPU
		{6198FA31-CE80-4AC0-BEAF-185DBF521D99}.Release|Any CPU.ActiveCfg = Release|Any CPU
		{6198FA31-CE80-4AC0-BEAF-185DBF521D99}.Release|Any CPU.Build.0 = Release|Any CPU
	EndGlobalSection
	GlobalSection(SolutionProperties) = preSolution
		HideSolutionNode = FALSE
	EndGlobalSection
	GlobalSection(ExtensibilityGlobals) = postSolution
		SolutionGuid = {CCF8CC7B-D9B1-4C9E-A9EF-803F4B23504A}
	EndGlobalSection
EndGlobal
